// !$*UTF8*$!
{
	archiveVersion = 1;
	classes = {
	};
	objectVersion = 48;
	objects = {

/* Begin PBXBuildFile section */
		4F540250200868C700D4FC86 /* RMVersionUtil.m in Sources */ = {isa = PBXBuildFile; fileRef = 4F54024F200868C700D4FC86 /* RMVersionUtil.m */; };
		4F54025D2008694300D4FC86 /* RMVersionCheck.framework in Frameworks */ = {isa = PBXBuildFile; fileRef = 4F5402562008694300D4FC86 /* RMVersionCheck.framework */; };
		4F54025E2008694300D4FC86 /* RMVersionCheck.framework in Embed Frameworks */ = {isa = PBXBuildFile; fileRef = 4F5402562008694300D4FC86 /* RMVersionCheck.framework */; settings = {ATTRIBUTES = (CodeSignOnCopy, RemoveHeadersOnCopy, ); }; };
		4F5402632008697F00D4FC86 /* RMVersionUtil.m in Sources */ = {isa = PBXBuildFile; fileRef = 4F54024F200868C700D4FC86 /* RMVersionUtil.m */; };
		4F54026F200876E700D4FC86 /* RMVersionUtil.h in Headers */ = {isa = PBXBuildFile; fileRef = 4F54024E200868C700D4FC86 /* RMVersionUtil.h */; settings = {ATTRIBUTES = (Public, ); }; };
		4F54027520087C4F00D4FC86 /* RMVersionCheck.h in Headers */ = {isa = PBXBuildFile; fileRef = 4F54027420087C4F00D4FC86 /* RMVersionCheck.h */; settings = {ATTRIBUTES = (Public, ); }; };
		4F97D1E91FFE275800596EDC /* AppDelegate.m in Sources */ = {isa = PBXBuildFile; fileRef = 4F97D1E81FFE275800596EDC /* AppDelegate.m */; };
		4F97D1EC1FFE275800596EDC /* ViewController.m in Sources */ = {isa = PBXBuildFile; fileRef = 4F97D1EB1FFE275800596EDC /* ViewController.m */; };
		4F97D1EF1FFE275800596EDC /* Main.storyboard in Resources */ = {isa = PBXBuildFile; fileRef = 4F97D1ED1FFE275800596EDC /* Main.storyboard */; };
		4F97D1F11FFE275800596EDC /* Assets.xcassets in Resources */ = {isa = PBXBuildFile; fileRef = 4F97D1F01FFE275800596EDC /* Assets.xcassets */; };
		4F97D1F41FFE275800596EDC /* LaunchScreen.storyboard in Resources */ = {isa = PBXBuildFile; fileRef = 4F97D1F21FFE275800596EDC /* LaunchScreen.storyboard */; };
		4F97D1F71FFE275800596EDC /* main.m in Sources */ = {isa = PBXBuildFile; fileRef = 4F97D1F61FFE275800596EDC /* main.m */; };
/* End PBXBuildFile section */

/* Begin PBXContainerItemProxy section */
		4F54025B2008694300D4FC86 /* PBXContainerItemProxy */ = {
			isa = PBXContainerItemProxy;
			containerPortal = 4F97D1DC1FFE275800596EDC /* Project object */;
			proxyType = 1;
			remoteGlobalIDString = 4F5402552008694300D4FC86;
			remoteInfo = RMVersionCheck;
		};
/* End PBXContainerItemProxy section */

/* Begin PBXCopyFilesBuildPhase section */
		4F5402622008694300D4FC86 /* Embed Frameworks */ = {
			isa = PBXCopyFilesBuildPhase;
			buildActionMask = 2147483647;
			dstPath = "";
			dstSubfolderSpec = 10;
			files = (
				4F54025E2008694300D4FC86 /* RMVersionCheck.framework in Embed Frameworks */,
			);
			name = "Embed Frameworks";
			runOnlyForDeploymentPostprocessing = 0;
		};
/* End PBXCopyFilesBuildPhase section */

/* Begin PBXFileReference section */
		4F54024E200868C700D4FC86 /* RMVersionUtil.h */ = {isa = PBXFileReference; fileEncoding = 4; lastKnownFileType = sourcecode.c.h; path = RMVersionUtil.h; sourceTree = "<group>"; };
		4F54024F200868C700D4FC86 /* RMVersionUtil.m */ = {isa = PBXFileReference; fileEncoding = 4; lastKnownFileType = sourcecode.c.objc; path = RMVersionUtil.m; sourceTree = "<group>"; };
		4F5402562008694300D4FC86 /* RMVersionCheck.framework */ = {isa = PBXFileReference; explicitFileType = wrapper.framework; includeInIndex = 0; path = RMVersionCheck.framework; sourceTree = BUILT_PRODUCTS_DIR; };
		4F5402592008694300D4FC86 /* Info.plist */ = {isa = PBXFileReference; lastKnownFileType = text.plist.xml; path = Info.plist; sourceTree = "<group>"; };
		4F54027420087C4F00D4FC86 /* RMVersionCheck.h */ = {isa = PBXFileReference; fileEncoding = 4; lastKnownFileType = sourcecode.c.h; name = RMVersionCheck.h; path = RMVersionCheck/RMVersionCheck.h; sourceTree = SOURCE_ROOT; };
		4F97D1E41FFE275800596EDC /* RMVersionCheckDemo.app */ = {isa = PBXFileReference; explicitFileType = wrapper.application; includeInIndex = 0; path = RMVersionCheckDemo.app; sourceTree = BUILT_PRODUCTS_DIR; };
		4F97D1E71FFE275800596EDC /* AppDelegate.h */ = {isa = PBXFileReference; lastKnownFileType = sourcecode.c.h; path = AppDelegate.h; sourceTree = "<group>"; };
		4F97D1E81FFE275800596EDC /* AppDelegate.m */ = {isa = PBXFileReference; lastKnownFileType = sourcecode.c.objc; path = AppDelegate.m; sourceTree = "<group>"; };
		4F97D1EA1FFE275800596EDC /* ViewController.h */ = {isa = PBXFileReference; lastKnownFileType = sourcecode.c.h; path = ViewController.h; sourceTree = "<group>"; };
		4F97D1EB1FFE275800596EDC /* ViewController.m */ = {isa = PBXFileReference; lastKnownFileType = sourcecode.c.objc; path = ViewController.m; sourceTree = "<group>"; };
		4F97D1EE1FFE275800596EDC /* Base */ = {isa = PBXFileReference; lastKnownFileType = file.storyboard; name = Base; path = Base.lproj/Main.storyboard; sourceTree = "<group>"; };
		4F97D1F01FFE275800596EDC /* Assets.xcassets */ = {isa = PBXFileReference; lastKnownFileType = folder.assetcatalog; path = Assets.xcassets; sourceTree = "<group>"; };
		4F97D1F31FFE275800596EDC /* Base */ = {isa = PBXFileReference; lastKnownFileType = file.storyboard; name = Base; path = Base.lproj/LaunchScreen.storyboard; sourceTree = "<group>"; };
		4F97D1F51FFE275800596EDC /* Info.plist */ = {isa = PBXFileReference; lastKnownFileType = text.plist.xml; path = Info.plist; sourceTree = "<group>"; };
		4F97D1F61FFE275800596EDC /* main.m */ = {isa = PBXFileReference; lastKnownFileType = sourcecode.c.objc; path = main.m; sourceTree = "<group>"; };
/* End PBXFileReference section */

/* Begin PBXFrameworksBuildPhase section */
		4F5402522008694300D4FC86 /* Frameworks */ = {
			isa = PBXFrameworksBuildPhase;
			buildActionMask = 2147483647;
			files = (
			);
			runOnlyForDeploymentPostprocessing = 0;
		};
		4F97D1E11FFE275800596EDC /* Frameworks */ = {
			isa = PBXFrameworksBuildPhase;
			buildActionMask = 2147483647;
			files = (
				4F54025D2008694300D4FC86 /* RMVersionCheck.framework in Frameworks */,
			);
			runOnlyForDeploymentPostprocessing = 0;
		};
/* End PBXFrameworksBuildPhase section */

/* Begin PBXGroup section */
		4F54024D200868C700D4FC86 /* RMVersionCheck */ = {
			isa = PBXGroup;
			children = (
				4F54027420087C4F00D4FC86 /* RMVersionCheck.h */,
				4F54024E200868C700D4FC86 /* RMVersionUtil.h */,
				4F54024F200868C700D4FC86 /* RMVersionUtil.m */,
			);
			name = RMVersionCheck;
			path = ../../RMVersionCheck;
			sourceTree = "<group>";
		};
		4F5402572008694300D4FC86 /* RMVersionCheck */ = {
			isa = PBXGroup;
			children = (
				4F5402592008694300D4FC86 /* Info.plist */,
			);
			path = RMVersionCheck;
			sourceTree = "<group>";
		};
		4F97D1DB1FFE275800596EDC = {
			isa = PBXGroup;
			children = (
				4F97D1E61FFE275800596EDC /* RMVersionCheckDemo */,
				4F5402572008694300D4FC86 /* RMVersionCheck */,
				4F97D1E51FFE275800596EDC /* Products */,
			);
			sourceTree = "<group>";
		};
		4F97D1E51FFE275800596EDC /* Products */ = {
			isa = PBXGroup;
			children = (
				4F97D1E41FFE275800596EDC /* RMVersionCheckDemo.app */,
				4F5402562008694300D4FC86 /* RMVersionCheck.framework */,
			);
			name = Products;
			sourceTree = "<group>";
		};
		4F97D1E61FFE275800596EDC /* RMVersionCheckDemo */ = {
			isa = PBXGroup;
			children = (
				4F54024D200868C700D4FC86 /* RMVersionCheck */,
				4F97D1E71FFE275800596EDC /* AppDelegate.h */,
				4F97D1E81FFE275800596EDC /* AppDelegate.m */,
				4F97D1EA1FFE275800596EDC /* ViewController.h */,
				4F97D1EB1FFE275800596EDC /* ViewController.m */,
				4F97D1ED1FFE275800596EDC /* Main.storyboard */,
				4F97D1F01FFE275800596EDC /* Assets.xcassets */,
				4F97D1F21FFE275800596EDC /* LaunchScreen.storyboard */,
				4F97D1F51FFE275800596EDC /* Info.plist */,
				4F97D1F61FFE275800596EDC /* main.m */,
			);
			path = RMVersionCheckDemo;
			sourceTree = "<group>";
		};
/* End PBXGroup section */

/* Begin PBXHeadersBuildPhase section */
		4F5402532008694300D4FC86 /* Headers */ = {
			isa = PBXHeadersBuildPhase;
			buildActionMask = 2147483647;
			files = (
				4F54027520087C4F00D4FC86 /* RMVersionCheck.h in Headers */,
				4F54026F200876E700D4FC86 /* RMVersionUtil.h in Headers */,
			);
			runOnlyForDeploymentPostprocessing = 0;
		};
/* End PBXHeadersBuildPhase section */

/* Begin PBXNativeTarget section */
		4F5402552008694300D4FC86 /* RMVersionCheck */ = {
			isa = PBXNativeTarget;
			buildConfigurationList = 4F54025F2008694300D4FC86 /* Build configuration list for PBXNativeTarget "RMVersionCheck" */;
			buildPhases = (
				4F5402512008694300D4FC86 /* Sources */,
				4F5402522008694300D4FC86 /* Frameworks */,
				4F5402532008694300D4FC86 /* Headers */,
				4F5402542008694300D4FC86 /* Resources */,
			);
			buildRules = (
			);
			dependencies = (
			);
			name = RMVersionCheck;
			productName = RMVersionCheck;
			productReference = 4F5402562008694300D4FC86 /* RMVersionCheck.framework */;
			productType = "com.apple.product-type.framework";
		};
		4F97D1E31FFE275800596EDC /* RMVersionCheckDemo */ = {
			isa = PBXNativeTarget;
			buildConfigurationList = 4F97D1FA1FFE275800596EDC /* Build configuration list for PBXNativeTarget "RMVersionCheckDemo" */;
			buildPhases = (
				4F97D1E01FFE275800596EDC /* Sources */,
				4F97D1E11FFE275800596EDC /* Frameworks */,
				4F97D1E21FFE275800596EDC /* Resources */,
				4F5402622008694300D4FC86 /* Embed Frameworks */,
			);
			buildRules = (
			);
			dependencies = (
				4F54025C2008694300D4FC86 /* PBXTargetDependency */,
			);
			name = RMVersionCheckDemo;
			productName = RMVersionCheckDemo;
			productReference = 4F97D1E41FFE275800596EDC /* RMVersionCheckDemo.app */;
			productType = "com.apple.product-type.application";
		};
/* End PBXNativeTarget section */

/* Begin PBXProject section */
		4F97D1DC1FFE275800596EDC /* Project object */ = {
			isa = PBXProject;
			attributes = {
				LastUpgradeCheck = 0920;
				ORGANIZATIONNAME = "R丶M";
				TargetAttributes = {
					4F5402552008694300D4FC86 = {
						CreatedOnToolsVersion = 9.2;
						ProvisioningStyle = Automatic;
					};
					4F97D1E31FFE275800596EDC = {
						CreatedOnToolsVersion = 9.2;
						ProvisioningStyle = Automatic;
					};
				};
			};
			buildConfigurationList = 4F97D1DF1FFE275800596EDC /* Build configuration list for PBXProject "RMVersionCheckDemo" */;
			compatibilityVersion = "Xcode 8.0";
			developmentRegion = en;
			hasScannedForEncodings = 0;
			knownRegions = (
				en,
				Base,
			);
			mainGroup = 4F97D1DB1FFE275800596EDC;
			productRefGroup = 4F97D1E51FFE275800596EDC /* Products */;
			projectDirPath = "";
			projectRoot = "";
			targets = (
				4F97D1E31FFE275800596EDC /* RMVersionCheckDemo */,
				4F5402552008694300D4FC86 /* RMVersionCheck */,
			);
		};
/* End PBXProject section */

/* Begin PBXResourcesBuildPhase section */
		4F5402542008694300D4FC86 /* Resources */ = {
			isa = PBXResourcesBuildPhase;
			buildActionMask = 2147483647;
			files = (
			);
			runOnlyForDeploymentPostprocessing = 0;
		};
		4F97D1E21FFE275800596EDC /* Resources */ = {
			isa = PBXResourcesBuildPhase;
			buildActionMask = 2147483647;
			files = (
				4F97D1F41FFE275800596EDC /* LaunchScreen.storyboard in Resources */,
				4F97D1F11FFE275800596EDC /* Assets.xcassets in Resources */,
				4F97D1EF1FFE275800596EDC /* Main.storyboard in Resources */,
			);
			runOnlyForDeploymentPostprocessing = 0;
		};
/* End PBXResourcesBuildPhase section */

/* Begin PBXSourcesBuildPhase section */
		4F5402512008694300D4FC86 /* Sources */ = {
			isa = PBXSourcesBuildPhase;
			buildActionMask = 2147483647;
			files = (
				4F5402632008697F00D4FC86 /* RMVersionUtil.m in Sources */,
			);
			runOnlyForDeploymentPostprocessing = 0;
		};
		4F97D1E01FFE275800596EDC /* Sources */ = {
			isa = PBXSourcesBuildPhase;
			buildActionMask = 2147483647;
			files = (
				4F97D1EC1FFE275800596EDC /* ViewController.m in Sources */,
				4F540250200868C700D4FC86 /* RMVersionUtil.m in Sources */,
				4F97D1F71FFE275800596EDC /* main.m in Sources */,
				4F97D1E91FFE275800596EDC /* AppDelegate.m in Sources */,
			);
			runOnlyForDeploymentPostprocessing = 0;
		};
/* End PBXSourcesBuildPhase section */

/* Begin PBXTargetDependency section */
		4F54025C2008694300D4FC86 /* PBXTargetDependency */ = {
			isa = PBXTargetDependency;
			target = 4F5402552008694300D4FC86 /* RMVersionCheck */;
			targetProxy = 4F54025B2008694300D4FC86 /* PBXContainerItemProxy */;
		};
/* End PBXTargetDependency section */

/* Begin PBXVariantGroup section */
		4F97D1ED1FFE275800596EDC /* Main.storyboard */ = {
			isa = PBXVariantGroup;
			children = (
				4F97D1EE1FFE275800596EDC /* Base */,
			);
			name = Main.storyboard;
			sourceTree = "<group>";
		};
		4F97D1F21FFE275800596EDC /* LaunchScreen.storyboard */ = {
			isa = PBXVariantGroup;
			children = (
				4F97D1F31FFE275800596EDC /* Base */,
			);
			name = LaunchScreen.storyboard;
			sourceTree = "<group>";
		};
/* End PBXVariantGroup section */

/* Begin XCBuildConfiguration section */
		4F5402602008694300D4FC86 /* Debug */ = {
			isa = XCBuildConfiguration;
			buildSettings = {
				CODE_SIGN_IDENTITY = "";
				CODE_SIGN_STYLE = Automatic;
				CURRENT_PROJECT_VERSION = 1;
				DEFINES_MODULE = YES;
				DYLIB_COMPATIBILITY_VERSION = 1;
				DYLIB_CURRENT_VERSION = 1;
				DYLIB_INSTALL_NAME_BASE = "@rpath";
				INFOPLIST_FILE = RMVersionCheck/Info.plist;
				INSTALL_PATH = "$(LOCAL_LIBRARY_DIR)/Frameworks";
				IPHONEOS_DEPLOYMENT_TARGET = 8.0;
				LD_RUNPATH_SEARCH_PATHS = "$(inherited) @executable_path/Frameworks @loader_path/Frameworks";
				PRODUCT_BUNDLE_IDENTIFIER = com.kitty.Technolgy.RMVersionCheck;
				PRODUCT_NAME = "$(TARGET_NAME:c99extidentifier)";
				SKIP_INSTALL = YES;
				SWIFT_ACTIVE_COMPILATION_CONDITIONS = DEBUG;
				SWIFT_OPTIMIZATION_LEVEL = "-Onone";
				SWIFT_VERSION = 4.0;
				TARGETED_DEVICE_FAMILY = "1,2";
				VERSIONING_SYSTEM = "apple-generic";
				VERSION_INFO_PREFIX = "";
			};
			name = Debug;
		};
		4F5402612008694300D4FC86 /* Release */ = {
			isa = XCBuildConfiguration;
			buildSettings = {
				CODE_SIGN_IDENTITY = "";
				CODE_SIGN_STYLE = Automatic;
				CURRENT_PROJECT_VERSION = 1;
				DEFINES_MODULE = YES;
				DYLIB_COMPATIBILITY_VERSION = 1;
				DYLIB_CURRENT_VERSION = 1;
				DYLIB_INSTALL_NAME_BASE = "@rpath";
				INFOPLIST_FILE = RMVersionCheck/Info.plist;
				INSTALL_PATH = "$(LOCAL_LIBRARY_DIR)/Frameworks";
				IPHONEOS_DEPLOYMENT_TARGET = 8.0;
				LD_RUNPATH_SEARCH_PATHS = "$(inherited) @executable_path/Frameworks @loader_path/Frameworks";
				PRODUCT_BUNDLE_IDENTIFIER = com.kitty.Technolgy.RMVersionCheck;
				PRODUCT_NAME = "$(TARGET_NAME:c99extidentifier)";
				SKIP_INSTALL = YES;
				SWIFT_OPTIMIZATION_LEVEL = "-Owholemodule";
				SWIFT_VERSION = 4.0;
				TARGETED_DEVICE_FAMILY = "1,2";
				VERSIONING_SYSTEM = "apple-generic";
				VERSION_INFO_PREFIX = "";
			};
			name = Release;
		};
		4F97D1F81FFE275800596EDC /* Debug */ = {
			isa = XCBuildConfiguration;
			buildSettings = {
				ALWAYS_SEARCH_USER_PATHS = NO;
				CLANG_ANALYZER_NONNULL = YES;
				CLANG_ANALYZER_NUMBER_OBJECT_CONVERSION = YES_AGGRESSIVE;
				CLANG_CXX_LANGUAGE_STANDARD = "gnu++14";
				CLANG_CXX_LIBRARY = "libc++";
				CLANG_ENABLE_MODULES = YES;
				CLANG_ENABLE_OBJC_ARC = YES;
				CLANG_WARN_BLOCK_CAPTURE_AUTORELEASING = YES;
				CLANG_WARN_BOOL_CONVERSION = YES;
				CLANG_WARN_COMMA = YES;
				CLANG_WARN_CONSTANT_CONVERSION = YES;
				CLANG_WARN_DIRECT_OBJC_ISA_USAGE = YES_ERROR;
				CLANG_WARN_DOCUMENTATION_COMMENTS = YES;
				CLANG_WARN_EMPTY_BODY = YES;
				CLANG_WARN_ENUM_CONVERSION = YES;
				CLANG_WARN_INFINITE_RECURSION = YES;
				CLANG_WARN_INT_CONVERSION = YES;
				CLANG_WARN_NON_LITERAL_NULL_CONVERSION = YES;
				CLANG_WARN_OBJC_LITERAL_CONVERSION = YES;
				CLANG_WARN_OBJC_ROOT_CLASS = YES_ERROR;
				CLANG_WARN_RANGE_LOOP_ANALYSIS = YES;
				CLANG_WARN_STRICT_PROTOTYPES = YES;
				CLANG_WARN_SUSPICIOUS_MOVE = YES;
				CLANG_WARN_UNGUARDED_AVAILABILITY = YES_AGGRESSIVE;
				CLANG_WARN_UNREACHABLE_CODE = YES;
				CLANG_WARN__DUPLICATE_METHOD_MATCH = YES;
				CODE_SIGN_IDENTITY = "iPhone Developer";
				COPY_PHASE_STRIP = NO;
				DEBUG_INFORMATION_FORMAT = dwarf;
				ENABLE_STRICT_OBJC_MSGSEND = YES;
				ENABLE_TESTABILITY = YES;
				GCC_C_LANGUAGE_STANDARD = gnu11;
				GCC_DYNAMIC_NO_PIC = NO;
				GCC_NO_COMMON_BLOCKS = YES;
				GCC_OPTIMIZATION_LEVEL = 0;
				GCC_PREPROCESSOR_DEFINITIONS = (
					"DEBUG=1",
					"$(inherited)",
				);
				GCC_WARN_64_TO_32_BIT_CONVERSION = YES;
				GCC_WARN_ABOUT_RETURN_TYPE = YES_ERROR;
				GCC_WARN_UNDECLARED_SELECTOR = YES;
				GCC_WARN_UNINITIALIZED_AUTOS = YES_AGGRESSIVE;
				GCC_WARN_UNUSED_FUNCTION = YES;
				GCC_WARN_UNUSED_VARIABLE = YES;
				IPHONEOS_DEPLOYMENT_TARGET = 11.2;
				MTL_ENABLE_DEBUG_INFO = YES;
				ONLY_ACTIVE_ARCH = YES;
				SDKROOT = iphoneos;
			};
			name = Debug;
		};
		4F97D1F91FFE275800596EDC /* Release */ = {
			isa = XCBuildConfiguration;
			buildSettings = {
				ALWAYS_SEARCH_USER_PATHS = NO;
				CLANG_ANALYZER_NONNULL = YES;
				CLANG_ANALYZER_NUMBER_OBJECT_CONVERSION = YES_AGGRESSIVE;
				CLANG_CXX_LANGUAGE_STANDARD = "gnu++14";
				CLANG_CXX_LIBRARY = "libc++";
				CLANG_ENABLE_MODULES = YES;
				CLANG_ENABLE_OBJC_ARC = YES;
				CLANG_WARN_BLOCK_CAPTURE_AUTORELEASING = YES;
				CLANG_WARN_BOOL_CONVERSION = YES;
				CLANG_WARN_COMMA = YES;
				CLANG_WARN_CONSTANT_CONVERSION = YES;
				CLANG_WARN_DIRECT_OBJC_ISA_USAGE = YES_ERROR;
				CLANG_WARN_DOCUMENTATION_COMMENTS = YES;
				CLANG_WARN_EMPTY_BODY = YES;
				CLANG_WARN_ENUM_CONVERSION = YES;
				CLANG_WARN_INFINITE_RECURSION = YES;
				CLANG_WARN_INT_CONVERSION = YES;
				CLANG_WARN_NON_LITERAL_NULL_CONVERSION = YES;
				CLANG_WARN_OBJC_LITERAL_CONVERSION = YES;
				CLANG_WARN_OBJC_ROOT_CLASS = YES_ERROR;
				CLANG_WARN_RANGE_LOOP_ANALYSIS = YES;
				CLANG_WARN_STRICT_PROTOTYPES = YES;
				CLANG_WARN_SUSPICIOUS_MOVE = YES;
				CLANG_WARN_UNGUARDED_AVAILABILITY = YES_AGGRESSIVE;
				CLANG_WARN_UNREACHABLE_CODE = YES;
				CLANG_WARN__DUPLICATE_METHOD_MATCH = YES;
				CODE_SIGN_IDENTITY = "iPhone Developer";
				COPY_PHASE_STRIP = NO;
				DEBUG_INFORMATION_FORMAT = "dwarf-with-dsym";
				ENABLE_NS_ASSERTIONS = NO;
				ENABLE_STRICT_OBJC_MSGSEND = YES;
				GCC_C_LANGUAGE_STANDARD = gnu11;
				GCC_NO_COMMON_BLOCKS = YES;
				GCC_WARN_64_TO_32_BIT_CONVERSION = YES;
				GCC_WARN_ABOUT_RETURN_TYPE = YES_ERROR;
				GCC_WARN_UNDECLARED_SELECTOR = YES;
				GCC_WARN_UNINITIALIZED_AUTOS = YES_AGGRESSIVE;
				GCC_WARN_UNUSED_FUNCTION = YES;
				GCC_WARN_UNUSED_VARIABLE = YES;
				IPHONEOS_DEPLOYMENT_TARGET = 11.2;
				MTL_ENABLE_DEBUG_INFO = NO;
				SDKROOT = iphoneos;
				VALIDATE_PRODUCT = YES;
			};
			name = Release;
		};
		4F97D1FB1FFE275800596EDC /* Debug */ = {
			isa = XCBuildConfiguration;
			buildSettings = {
				ASSETCATALOG_COMPILER_APPICON_NAME = AppIcon;
				CODE_SIGN_STYLE = Automatic;
				INFOPLIST_FILE = RMVersionCheckDemo/Info.plist;
				LD_RUNPATH_SEARCH_PATHS = "$(inherited) @executable_path/Frameworks";
				PRODUCT_BUNDLE_IDENTIFIER = com.kitty.Technolgy.RMVersionCheckDemo;
				PRODUCT_NAME = "$(TARGET_NAME)";
				TARGETED_DEVICE_FAMILY = "1,2";
			};
			name = Debug;
		};
		4F97D1FC1FFE275800596EDC /* Release */ = {
			isa = XCBuildConfiguration;
			buildSettings = {
				ASSETCATALOG_COMPILER_APPICON_NAME = AppIcon;
				CODE_SIGN_STYLE = Automatic;
				INFOPLIST_FILE = RMVersionCheckDemo/Info.plist;
				LD_RUNPATH_SEARCH_PATHS = "$(inherited) @executable_path/Frameworks";
				PRODUCT_BUNDLE_IDENTIFIER = com.kitty.Technolgy.RMVersionCheckDemo;
				PRODUCT_NAME = "$(TARGET_NAME)";
				TARGETED_DEVICE_FAMILY = "1,2";
			};
			name = Release;
		};
/* End XCBuildConfiguration section */

/* Begin XCConfigurationList section */
		4F54025F2008694300D4FC86 /* Build configuration list for PBXNativeTarget "RMVersionCheck" */ = {
			isa = XCConfigurationList;
			buildConfigurations = (
				4F5402602008694300D4FC86 /* Debug */,
				4F5402612008694300D4FC86 /* Release */,
			);
			defaultConfigurationIsVisible = 0;
			defaultConfigurationName = Release;
		};
		4F97D1DF1FFE275800596EDC /* Build configuration list for PBXProject "RMVersionCheckDemo" */ = {
			isa = XCConfigurationList;
			buildConfigurations = (
				4F97D1F81FFE275800596EDC /* Debug */,
				4F97D1F91FFE275800596EDC /* Release */,
			);
			defaultConfigurationIsVisible = 0;
			defaultConfigurationName = Release;
		};
		4F97D1FA1FFE275800596EDC /* Build configuration list for PBXNativeTarget "RMVersionCheckDemo" */ = {
			isa = XCConfigurationList;
			buildConfigurations = (
				4F97D1FB1FFE275800596EDC /* Debug */,
				4F97D1FC1FFE275800596EDC /* Release */,
			);
			defaultConfigurationIsVisible = 0;
			defaultConfigurationName = Release;
		};
/* End XCConfigurationList section */
	};
	rootObject = 4F97D1DC1FFE275800596EDC /* Project object */;
}
